
Microsoft Visual Studio Solution File, Format Version 12.00
# Visual Studio Version 16
VisualStudioVersion = 16.0.29230.47
MinimumVisualStudioVersion = 10.0.40219.1
Project("{FAE04EC0-301F-11D3-BF4B-00C04F79EFBC}") = "BugTracker", "BugTracker.csproj", "{B167B652-1EFE-43CB-98FA-74F35D5E3771}"
EndProject
Global
	GlobalSection(SolutionConfigurationPlatforms) = preSolution
		Debug|Any CPU = Debug|Any CPU
		Release|Any CPU = Release|Any CPU
	EndGlobalSection
	GlobalSection(ProjectConfigurationPlatforms) = postSolution
		{B167B652-1EFE-43CB-98FA-74F35D5E3771}.Debug|Any CPU.ActiveCfg = Debug|Any CPU
		{B167B652-1EFE-43CB-98FA-74F35D5E3771}.Debug|Any CPU.Build.0 = Debug|Any CPU
		{B167B652-1EFE-43CB-98FA-74F35D5E3771}.Release|Any CPU.ActiveCfg = Release|Any CPU
		{B167B652-1EFE-43CB-98FA-74F35D5E3771}.Release|Any CPU.Build.0 = Release|Any CPU
	EndGlobalSection
	GlobalSection(SolutionProperties) = preSolution
		HideSolutionNode = FALSE
	EndGlobalSection
	GlobalSection(ExtensibilityGlobals) = postSolution
		SolutionGuid = {B66D5B69-CC4C-4DA4-AC24-6716CADC4541}
	EndGlobalSection
EndGlobal
